// !$*UTF8*$!
{
	archiveVersion = 1;
	classes = {
	};
	objectVersion = 55;
	objects = {

/* Begin PBXBuildFile section */
		93959F5728F9046A00041769 /* AppDelegate.swift in Sources */ = {isa = PBXBuildFile; fileRef = 93959F5628F9046A00041769 /* AppDelegate.swift */; };
		93959F5928F9046A00041769 /* SceneDelegate.swift in Sources */ = {isa = PBXBuildFile; fileRef = 93959F5828F9046A00041769 /* SceneDelegate.swift */; };
		93959F5B28F9046A00041769 /* ViewController.swift in Sources */ = {isa = PBXBuildFile; fileRef = 93959F5A28F9046A00041769 /* ViewController.swift */; };
		93959F5E28F9046A00041769 /* Main.storyboard in Resources */ = {isa = PBXBuildFile; fileRef = 93959F5C28F9046A00041769 /* Main.storyboard */; };
		93959F6028F9046C00041769 /* Assets.xcassets in Resources */ = {isa = PBXBuildFile; fileRef = 93959F5F28F9046C00041769 /* Assets.xcassets */; };
		93959F6328F9046C00041769 /* LaunchScreen.storyboard in Resources */ = {isa = PBXBuildFile; fileRef = 93959F6128F9046C00041769 /* LaunchScreen.storyboard */; };
		93959F6B28F928CD00041769 /* SHCollectionViewCell.swift in Sources */ = {isa = PBXBuildFile; fileRef = 93959F6A28F928CD00041769 /* SHCollectionViewCell.swift */; };
		93959F6D28F928E000041769 /* SHCollectionViewCell.xib in Resources */ = {isa = PBXBuildFile; fileRef = 93959F6C28F928E000041769 /* SHCollectionViewCell.xib */; };
		93959F6F28F928EB00041769 /* SHViewController.swift in Sources */ = {isa = PBXBuildFile; fileRef = 93959F6E28F928EB00041769 /* SHViewController.swift */; };
		93959F7128F928F500041769 /* SHViewController.xib in Resources */ = {isa = PBXBuildFile; fileRef = 93959F7028F928F500041769 /* SHViewController.xib */; };
		93959F7428F9291D00041769 /* Media.xcassets in Resources */ = {isa = PBXBuildFile; fileRef = 93959F7328F9291D00041769 /* Media.xcassets */; };
/* End PBXBuildFile section */

/* Begin PBXFileReference section */
		93959F5328F9046A00041769 /* image implementation test.app */ = {isa = PBXFileReference; explicitFileType = wrapper.application; includeInIndex = 0; path = "image implementation test.app"; sourceTree = BUILT_PRODUCTS_DIR; };
		93959F5628F9046A00041769 /* AppDelegate.swift */ = {isa = PBXFileReference; lastKnownFileType = sourcecode.swift; path = AppDelegate.swift; sourceTree = "<group>"; };
		93959F5828F9046A00041769 /* SceneDelegate.swift */ = {isa = PBXFileReference; lastKnownFileType = sourcecode.swift; path = SceneDelegate.swift; sourceTree = "<group>"; };
		93959F5A28F9046A00041769 /* ViewController.swift */ = {isa = PBXFileReference; lastKnownFileType = sourcecode.swift; path = ViewController.swift; sourceTree = "<group>"; };
		93959F5D28F9046A00041769 /* Base */ = {isa = PBXFileReference; lastKnownFileType = file.storyboard; name = Base; path = Base.lproj/Main.storyboard; sourceTree = "<group>"; };
		93959F5F28F9046C00041769 /* Assets.xcassets */ = {isa = PBXFileReference; lastKnownFileType = folder.assetcatalog; path = Assets.xcassets; sourceTree = "<group>"; };
		93959F6228F9046C00041769 /* Base */ = {isa = PBXFileReference; lastKnownFileType = file.storyboard; name = Base; path = Base.lproj/LaunchScreen.storyboard; sourceTree = "<group>"; };
		93959F6428F9046C00041769 /* Info.plist */ = {isa = PBXFileReference; lastKnownFileType = text.plist.xml; path = Info.plist; sourceTree = "<group>"; };
		93959F6A28F928CD00041769 /* SHCollectionViewCell.swift */ = {isa = PBXFileReference; fileEncoding = 4; lastKnownFileType = sourcecode.swift; path = SHCollectionViewCell.swift; sourceTree = "<group>"; };
		93959F6C28F928E000041769 /* SHCollectionViewCell.xib */ = {isa = PBXFileReference; fileEncoding = 4; lastKnownFileType = file.xib; path = SHCollectionViewCell.xib; sourceTree = "<group>"; };
		93959F6E28F928EB00041769 /* SHViewController.swift */ = {isa = PBXFileReference; fileEncoding = 4; lastKnownFileType = sourcecode.swift; path = SHViewController.swift; sourceTree = "<group>"; };
		93959F7028F928F500041769 /* SHViewController.xib */ = {isa = PBXFileReference; fileEncoding = 4; lastKnownFileType = file.xib; path = SHViewController.xib; sourceTree = "<group>"; };
		93959F7328F9291D00041769 /* Media.xcassets */ = {isa = PBXFileReference; lastKnownFileType = folder.assetcatalog; path = Media.xcassets; sourceTree = "<group>"; };
/* End PBXFileReference section */

/* Begin PBXFrameworksBuildPhase section */
		93959F5028F9046A00041769 /* Frameworks */ = {
			isa = PBXFrameworksBuildPhase;
			buildActionMask = 2147483647;
			files = (
			);
			runOnlyForDeploymentPostprocessing = 0;
		};
/* End PBXFrameworksBuildPhase section */

/* Begin PBXGroup section */
		93959F4A28F9046A00041769 = {
			isa = PBXGroup;
			children = (
				93959F5528F9046A00041769 /* image implementation test */,
				93959F5428F9046A00041769 /* Products */,
			);
			sourceTree = "<group>";
		};
		93959F5428F9046A00041769 /* Products */ = {
			isa = PBXGroup;
			children = (
				93959F5328F9046A00041769 /* image implementation test.app */,
			);
			name = Products;
			sourceTree = "<group>";
		};
		93959F5528F9046A00041769 /* image implementation test */ = {
			isa = PBXGroup;
			children = (
				93959F7528F9326800041769 /* sharaku */,
				93959F5628F9046A00041769 /* AppDelegate.swift */,
				93959F5828F9046A00041769 /* SceneDelegate.swift */,
				93959F5A28F9046A00041769 /* ViewController.swift */,
				93959F5C28F9046A00041769 /* Main.storyboard */,
				93959F7328F9291D00041769 /* Media.xcassets */,
				93959F5F28F9046C00041769 /* Assets.xcassets */,
				93959F6128F9046C00041769 /* LaunchScreen.storyboard */,
				93959F6428F9046C00041769 /* Info.plist */,
			);
			path = "image implementation test";
			sourceTree = "<group>";
		};
		93959F7528F9326800041769 /* sharaku */ = {
			isa = PBXGroup;
			children = (
				93959F6A28F928CD00041769 /* SHCollectionViewCell.swift */,
				93959F6C28F928E000041769 /* SHCollectionViewCell.xib */,
				93959F6E28F928EB00041769 /* SHViewController.swift */,
				93959F7028F928F500041769 /* SHViewController.xib */,
			);
			path = sharaku;
			sourceTree = "<group>";
		};
/* End PBXGroup section */

/* Begin PBXNativeTarget section */
		93959F5228F9046A00041769 /* image implementation test */ = {
			isa = PBXNativeTarget;
			buildConfigurationList = 93959F6728F9046C00041769 /* Build configuration list for PBXNativeTarget "image implementation test" */;
			buildPhases = (
				93959F4F28F9046A00041769 /* Sources */,
				93959F5028F9046A00041769 /* Frameworks */,
				93959F5128F9046A00041769 /* Resources */,
			);
			buildRules = (
			);
			dependencies = (
			);
			name = "image implementation test";
			productName = "image implementation test";
			productReference = 93959F5328F9046A00041769 /* image implementation test.app */;
			productType = "com.apple.product-type.application";
		};
/* End PBXNativeTarget section */

/* Begin PBXProject section */
		93959F4B28F9046A00041769 /* Project object */ = {
			isa = PBXProject;
			attributes = {
				BuildIndependentTargetsInParallel = 1;
				LastSwiftUpdateCheck = 1340;
				LastUpgradeCheck = 1340;
				TargetAttributes = {
					93959F5228F9046A00041769 = {
						CreatedOnToolsVersion = 13.4.1;
					};
				};
			};
			buildConfigurationList = 93959F4E28F9046A00041769 /* Build configuration list for PBXProject "image implementation test" */;
			compatibilityVersion = "Xcode 13.0";
			developmentRegion = en;
			hasScannedForEncodings = 0;
			knownRegions = (
				en,
				Base,
			);
			mainGroup = 93959F4A28F9046A00041769;
			productRefGroup = 93959F5428F9046A00041769 /* Products */;
			projectDirPath = "";
			projectRoot = "";
			targets = (
				93959F5228F9046A00041769 /* image implementation test */,
			);
		};
/* End PBXProject section */

/* Begin PBXResourcesBuildPhase section */
		93959F5128F9046A00041769 /* Resources */ = {
			isa = PBXResourcesBuildPhase;
			buildActionMask = 2147483647;
			files = (
				93959F7128F928F500041769 /* SHViewController.xib in Resources */,
				93959F6328F9046C00041769 /* LaunchScreen.storyboard in Resources */,
				93959F6028F9046C00041769 /* Assets.xcassets in Resources */,
				93959F5E28F9046A00041769 /* Main.storyboard in Resources */,
				93959F7428F9291D00041769 /* Media.xcassets in Resources */,
				93959F6D28F928E000041769 /* SHCollectionViewCell.xib in Resources */,
			);
			runOnlyForDeploymentPostprocessing = 0;
		};
/* End PBXResourcesBuildPhase section */

/* Begin PBXSourcesBuildPhase section */
		93959F4F28F9046A00041769 /* Sources */ = {
			isa = PBXSourcesBuildPhase;
			buildActionMask = 2147483647;
			files = (
				93959F5B28F9046A00041769 /* ViewController.swift in Sources */,
				93959F5728F9046A00041769 /* AppDelegate.swift in Sources */,
				93959F5928F9046A00041769 /* SceneDelegate.swift in Sources */,
				93959F6B28F928CD00041769 /* SHCollectionViewCell.swift in Sources */,
				93959F6F28F928EB00041769 /* SHViewController.swift in Sources */,
			);
			runOnlyForDeploymentPostprocessing = 0;
		};
/* End PBXSourcesBuildPhase section */

/* Begin PBXVariantGroup section */
		93959F5C28F9046A00041769 /* Main.storyboard */ = {
			isa = PBXVariantGroup;
			children = (
				93959F5D28F9046A00041769 /* Base */,
			);
			name = Main.storyboard;
			sourceTree = "<group>";
		};
		93959F6128F9046C00041769 /* LaunchScreen.storyboard */ = {
			isa = PBXVariantGroup;
			children = (
				93959F6228F9046C00041769 /* Base */,
			);
			name = LaunchScreen.storyboard;
			sourceTree = "<group>";
		};
/* End PBXVariantGroup section */

/* Begin XCBuildConfiguration section */
		93959F6528F9046C00041769 /* Debug */ = {
			isa = XCBuildConfiguration;
			buildSettings = {
				ALWAYS_SEARCH_USER_PATHS = NO;
				CLANG_ANALYZER_NONNULL = YES;
				CLANG_ANALYZER_NUMBER_OBJECT_CONVERSION = YES_AGGRESSIVE;
				CLANG_CXX_LANGUAGE_STANDARD = "gnu++17";
				CLANG_ENABLE_MODULES = YES;
				CLANG_ENABLE_OBJC_ARC = YES;
				CLANG_ENABLE_OBJC_WEAK = YES;
				CLANG_WARN_BLOCK_CAPTURE_AUTORELEASING = YES;
				CLANG_WARN_BOOL_CONVERSION = YES;
				CLANG_WARN_COMMA = YES;
				CLANG_WARN_CONSTANT_CONVERSION = YES;
				CLANG_WARN_DEPRECATED_OBJC_IMPLEMENTATIONS = YES;
				CLANG_WARN_DIRECT_OBJC_ISA_USAGE = YES_ERROR;
				CLANG_WARN_DOCUMENTATION_COMMENTS = YES;
				CLANG_WARN_EMPTY_BODY = YES;
				CLANG_WARN_ENUM_CONVERSION = YES;
				CLANG_WARN_INFINITE_RECURSION = YES;
				CLANG_WARN_INT_CONVERSION = YES;
				CLANG_WARN_NON_LITERAL_NULL_CONVERSION = YES;
				CLANG_WARN_OBJC_IMPLICIT_RETAIN_SELF = YES;
				CLANG_WARN_OBJC_LITERAL_CONVERSION = YES;
				CLANG_WARN_OBJC_ROOT_CLASS = YES_ERROR;
				CLANG_WARN_QUOTED_INCLUDE_IN_FRAMEWORK_HEADER = YES;
				CLANG_WARN_RANGE_LOOP_ANALYSIS = YES;
				CLANG_WARN_STRICT_PROTOTYPES = YES;
				CLANG_WARN_SUSPICIOUS_MOVE = YES;
				CLANG_WARN_UNGUARDED_AVAILABILITY = YES_AGGRESSIVE;
				CLANG_WARN_UNREACHABLE_CODE = YES;
				CLANG_WARN__DUPLICATE_METHOD_MATCH = YES;
				COPY_PHASE_STRIP = NO;
				DEBUG_INFORMATION_FORMAT = dwarf;
				ENABLE_STRICT_OBJC_MSGSEND = YES;
				ENABLE_TESTABILITY = YES;
				GCC_C_LANGUAGE_STANDARD = gnu11;
				GCC_DYNAMIC_NO_PIC = NO;
				GCC_NO_COMMON_BLOCKS = YES;
				GCC_OPTIMIZATION_LEVEL = 0;
				GCC_PREPROCESSOR_DEFINITIONS = (
					"DEBUG=1",
					"$(inherited)",
				);
				GCC_WARN_64_TO_32_BIT_CONVERSION = YES;
				GCC_WARN_ABOUT_RETURN_TYPE = YES_ERROR;
				GCC_WARN_UNDECLARED_SELECTOR = YES;
				GCC_WARN_UNINITIALIZED_AUTOS = YES_AGGRESSIVE;
				GCC_WARN_UNUSED_FUNCTION = YES;
				GCC_WARN_UNUSED_VARIABLE = YES;
				IPHONEOS_DEPLOYMENT_TARGET = 15.5;
				MTL_ENABLE_DEBUG_INFO = INCLUDE_SOURCE;
				MTL_FAST_MATH = YES;
				ONLY_ACTIVE_ARCH = YES;
				SDKROOT = iphoneos;
				SWIFT_ACTIVE_COMPILATION_CONDITIONS = DEBUG;
				SWIFT_OPTIMIZATION_LEVEL = "-Onone";
			};
			name = Debug;
		};
		93959F6628F9046C00041769 /* Release */ = {
			isa = XCBuildConfiguration;
			buildSettings = {
				ALWAYS_SEARCH_USER_PATHS = NO;
				CLANG_ANALYZER_NONNULL = YES;
				CLANG_ANALYZER_NUMBER_OBJECT_CONVERSION = YES_AGGRESSIVE;
				CLANG_CXX_LANGUAGE_STANDARD = "gnu++17";
				CLANG_ENABLE_MODULES = YES;
				CLANG_ENABLE_OBJC_ARC = YES;
				CLANG_ENABLE_OBJC_WEAK = YES;
				CLANG_WARN_BLOCK_CAPTURE_AUTORELEASING = YES;
				CLANG_WARN_BOOL_CONVERSION = YES;
				CLANG_WARN_COMMA = YES;
				CLANG_WARN_CONSTANT_CONVERSION = YES;
				CLANG_WARN_DEPRECATED_OBJC_IMPLEMENTATIONS = YES;
				CLANG_WARN_DIRECT_OBJC_ISA_USAGE = YES_ERROR;
				CLANG_WARN_DOCUMENTATION_COMMENTS = YES;
				CLANG_WARN_EMPTY_BODY = YES;
				CLANG_WARN_ENUM_CONVERSION = YES;
				CLANG_WARN_INFINITE_RECURSION = YES;
				CLANG_WARN_INT_CONVERSION = YES;
				CLANG_WARN_NON_LITERAL_NULL_CONVERSION = YES;
				CLANG_WARN_OBJC_IMPLICIT_RETAIN_SELF = YES;
				CLANG_WARN_OBJC_LITERAL_CONVERSION = YES;
				CLANG_WARN_OBJC_ROOT_CLASS = YES_ERROR;
				CLANG_WARN_QUOTED_INCLUDE_IN_FRAMEWORK_HEADER = YES;
				CLANG_WARN_RANGE_LOOP_ANALYSIS = YES;
				CLANG_WARN_STRICT_PROTOTYPES = YES;
				CLANG_WARN_SUSPICIOUS_MOVE = YES;
				CLANG_WARN_UNGUARDED_AVAILABILITY = YES_AGGRESSIVE;
				CLANG_WARN_UNREACHABLE_CODE = YES;
				CLANG_WARN__DUPLICATE_METHOD_MATCH = YES;
				COPY_PHASE_STRIP = NO;
				DEBUG_INFORMATION_FORMAT = "dwarf-with-dsym";
				ENABLE_NS_ASSERTIONS = NO;
				ENABLE_STRICT_OBJC_MSGSEND = YES;
				GCC_C_LANGUAGE_STANDARD = gnu11;
				GCC_NO_COMMON_BLOCKS = YES;
				GCC_WARN_64_TO_32_BIT_CONVERSION = YES;
				GCC_WARN_ABOUT_RETURN_TYPE = YES_ERROR;
				GCC_WARN_UNDECLARED_SELECTOR = YES;
				GCC_WARN_UNINITIALIZED_AUTOS = YES_AGGRESSIVE;
				GCC_WARN_UNUSED_FUNCTION = YES;
				GCC_WARN_UNUSED_VARIABLE = YES;
				IPHONEOS_DEPLOYMENT_TARGET = 15.5;
				MTL_ENABLE_DEBUG_INFO = NO;
				MTL_FAST_MATH = YES;
				SDKROOT = iphoneos;
				SWIFT_COMPILATION_MODE = wholemodule;
				SWIFT_OPTIMIZATION_LEVEL = "-O";
				VALIDATE_PRODUCT = YES;
			};
			name = Release;
		};
		93959F6828F9046C00041769 /* Debug */ = {
			isa = XCBuildConfiguration;
			buildSettings = {
				ASSETCATALOG_COMPILER_APPICON_NAME = AppIcon;
				ASSETCATALOG_COMPILER_GLOBAL_ACCENT_COLOR_NAME = AccentColor;
				CODE_SIGN_STYLE = Automatic;
				CURRENT_PROJECT_VERSION = 1;
				DEVELOPMENT_TEAM = 3L97JN3N9K;
				GENERATE_INFOPLIST_FILE = YES;
				INFOPLIST_FILE = "image implementation test/Info.plist";
				INFOPLIST_KEY_UIApplicationSupportsIndirectInputEvents = YES;
				INFOPLIST_KEY_UILaunchStoryboardName = LaunchScreen;
				INFOPLIST_KEY_UIMainStoryboardFile = Main;
				INFOPLIST_KEY_UISupportedInterfaceOrientations_iPad = "UIInterfaceOrientationPortrait UIInterfaceOrientationPortraitUpsideDown UIInterfaceOrientationLandscapeLeft UIInterfaceOrientationLandscapeRight";
				INFOPLIST_KEY_UISupportedInterfaceOrientations_iPhone = "UIInterfaceOrientationPortrait UIInterfaceOrientationLandscapeLeft UIInterfaceOrientationLandscapeRight";
				LD_RUNPATH_SEARCH_PATHS = (
					"$(inherited)",
					"@executable_path/Frameworks",
				);
				MARKETING_VERSION = 1.0;
				PRODUCT_BUNDLE_IDENTIFIER = "GalhyunFamily.image-implementation-test";
				PRODUCT_NAME = "$(TARGET_NAME)";
				SWIFT_EMIT_LOC_STRINGS = YES;
				SWIFT_VERSION = 5.0;
				TARGETED_DEVICE_FAMILY = 1;
			};
			name = Debug;
		};
		93959F6928F9046C00041769 /* Release */ = {
			isa = XCBuildConfiguration;
			buildSettings = {
				ASSETCATALOG_COMPILER_APPICON_NAME = AppIcon;
				ASSETCATALOG_COMPILER_GLOBAL_ACCENT_COLOR_NAME = AccentColor;
				CODE_SIGN_STYLE = Automatic;
				CURRENT_PROJECT_VERSION = 1;
				DEVELOPMENT_TEAM = 3L97JN3N9K;
				GENERATE_INFOPLIST_FILE = YES;
				INFOPLIST_FILE = "image implementation test/Info.plist";
				INFOPLIST_KEY_UIApplicationSupportsIndirectInputEvents = YES;
				INFOPLIST_KEY_UILaunchStoryboardName = LaunchScreen;
				INFOPLIST_KEY_UIMainStoryboardFile = Main;
				INFOPLIST_KEY_UISupportedInterfaceOrientations_iPad = "UIInterfaceOrientationPortrait UIInterfaceOrientationPortraitUpsideDown UIInterfaceOrientationLandscapeLeft UIInterfaceOrientationLandscapeRight";
				INFOPLIST_KEY_UISupportedInterfaceOrientations_iPhone = "UIInterfaceOrientationPortrait UIInterfaceOrientationLandscapeLeft UIInterfaceOrientationLandscapeRight";
				LD_RUNPATH_SEARCH_PATHS = (
					"$(inherited)",
					"@executable_path/Frameworks",
				);
				MARKETING_VERSION = 1.0;
				PRODUCT_BUNDLE_IDENTIFIER = "GalhyunFamily.image-implementation-test";
				PRODUCT_NAME = "$(TARGET_NAME)";
				SWIFT_EMIT_LOC_STRINGS = YES;
				SWIFT_VERSION = 5.0;
				TARGETED_DEVICE_FAMILY = 1;
			};
			name = Release;
		};
/* End XCBuildConfiguration section */

/* Begin XCConfigurationList section */
		93959F4E28F9046A00041769 /* Build configuration list for PBXProject "image implementation test" */ = {
			isa = XCConfigurationList;
			buildConfigurations = (
				93959F6528F9046C00041769 /* Debug */,
				93959F6628F9046C00041769 /* Release */,
			);
			defaultConfigurationIsVisible = 0;
			defaultConfigurationName = Release;
		};
		93959F6728F9046C00041769 /* Build configuration list for PBXNativeTarget "image implementation test" */ = {
			isa = XCConfigurationList;
			buildConfigurations = (
				93959F6828F9046C00041769 /* Debug */,
				93959F6928F9046C00041769 /* Release */,
			);
			defaultConfigurationIsVisible = 0;
			defaultConfigurationName = Release;
		};
/* End XCConfigurationList section */
	};
	rootObject = 93959F4B28F9046A00041769 /* Project object */;
}
